// !$*UTF8*$!
{
	archiveVersion = 1;
	classes = {
	};
	objectVersion = 46;
	objects = {

/* Begin PBXBuildFile section */
		CFC703E01C97B1D6006669BB /* main.m in Sources */ = {isa = PBXBuildFile; fileRef = CFC703DF1C97B1D6006669BB /* main.m */; };
		CFC703E31C97B1D6006669BB /* AppDelegate.m in Sources */ = {isa = PBXBuildFile; fileRef = CFC703E21C97B1D6006669BB /* AppDelegate.m */; };
		CFC703E61C97B1D6006669BB /* ViewController.m in Sources */ = {isa = PBXBuildFile; fileRef = CFC703E51C97B1D6006669BB /* ViewController.m */; };
		CFC703E91C97B1D6006669BB /* Main.storyboard in Resources */ = {isa = PBXBuildFile; fileRef = CFC703E71C97B1D6006669BB /* Main.storyboard */; };
		CFC703EB1C97B1D6006669BB /* Assets.xcassets in Resources */ = {isa = PBXBuildFile; fileRef = CFC703EA1C97B1D6006669BB /* Assets.xcassets */; };
		CFC703EE1C97B1D6006669BB /* LaunchScreen.storyboard in Resources */ = {isa = PBXBuildFile; fileRef = CFC703EC1C97B1D6006669BB /* LaunchScreen.storyboard */; };
		CFC703F91C97B1D6006669BB /* Demo2_JS_KVO_KVCTests.m in Sources */ = {isa = PBXBuildFile; fileRef = CFC703F81C97B1D6006669BB /* Demo2_JS_KVO_KVCTests.m */; };
		CFC704041C97B1D6006669BB /* Demo2_JS_KVO_KVCUITests.m in Sources */ = {isa = PBXBuildFile; fileRef = CFC704031C97B1D6006669BB /* Demo2_JS_KVO_KVCUITests.m */; };
		CFC704131C97B1F0006669BB /* JSPerson.m in Sources */ = {isa = PBXBuildFile; fileRef = CFC704121C97B1F0006669BB /* JSPerson.m */; };
/* End PBXBuildFile section */

/* Begin PBXContainerItemProxy section */
		CFC703F51C97B1D6006669BB /* PBXContainerItemProxy */ = {
			isa = PBXContainerItemProxy;
			containerPortal = CFC703D31C97B1D6006669BB /* Project object */;
			proxyType = 1;
			remoteGlobalIDString = CFC703DA1C97B1D6006669BB;
			remoteInfo = "Demo2_JS_KVO&KVC";
		};
		CFC704001C97B1D6006669BB /* PBXContainerItemProxy */ = {
			isa = PBXContainerItemProxy;
			containerPortal = CFC703D31C97B1D6006669BB /* Project object */;
			proxyType = 1;
			remoteGlobalIDString = CFC703DA1C97B1D6006669BB;
			remoteInfo = "Demo2_JS_KVO&KVC";
		};
/* End PBXContainerItemProxy section */

/* Begin PBXFileReference section */
		CFC703DB1C97B1D6006669BB /* Demo2_JS_KVO&KVC.app */ = {isa = PBXFileReference; explicitFileType = wrapper.application; includeInIndex = 0; path = "Demo2_JS_KVO&KVC.app"; sourceTree = BUILT_PRODUCTS_DIR; };
		CFC703DF1C97B1D6006669BB /* main.m */ = {isa = PBXFileReference; lastKnownFileType = sourcecode.c.objc; path = main.m; sourceTree = "<group>"; };
		CFC703E11C97B1D6006669BB /* AppDelegate.h */ = {isa = PBXFileReference; lastKnownFileType = sourcecode.c.h; path = AppDelegate.h; sourceTree = "<group>"; };
		CFC703E21C97B1D6006669BB /* AppDelegate.m */ = {isa = PBXFileReference; lastKnownFileType = sourcecode.c.objc; path = AppDelegate.m; sourceTree = "<group>"; };
		CFC703E41C97B1D6006669BB /* ViewController.h */ = {isa = PBXFileReference; lastKnownFileType = sourcecode.c.h; path = ViewController.h; sourceTree = "<group>"; };
		CFC703E51C97B1D6006669BB /* ViewController.m */ = {isa = PBXFileReference; lastKnownFileType = sourcecode.c.objc; path = ViewController.m; sourceTree = "<group>"; };
		CFC703E81C97B1D6006669BB /* Base */ = {isa = PBXFileReference; lastKnownFileType = file.storyboard; name = Base; path = Base.lproj/Main.storyboard; sourceTree = "<group>"; };
		CFC703EA1C97B1D6006669BB /* Assets.xcassets */ = {isa = PBXFileReference; lastKnownFileType = folder.assetcatalog; path = Assets.xcassets; sourceTree = "<group>"; };
		CFC703ED1C97B1D6006669BB /* Base */ = {isa = PBXFileReference; lastKnownFileType = file.storyboard; name = Base; path = Base.lproj/LaunchScreen.storyboard; sourceTree = "<group>"; };
		CFC703EF1C97B1D6006669BB /* Info.plist */ = {isa = PBXFileReference; lastKnownFileType = text.plist.xml; path = Info.plist; sourceTree = "<group>"; };
		CFC703F41C97B1D6006669BB /* Demo2_JS_KVO&KVCTests.xctest */ = {isa = PBXFileReference; explicitFileType = wrapper.cfbundle; includeInIndex = 0; path = "Demo2_JS_KVO&KVCTests.xctest"; sourceTree = BUILT_PRODUCTS_DIR; };
		CFC703F81C97B1D6006669BB /* Demo2_JS_KVO_KVCTests.m */ = {isa = PBXFileReference; lastKnownFileType = sourcecode.c.objc; path = Demo2_JS_KVO_KVCTests.m; sourceTree = "<group>"; };
		CFC703FA1C97B1D6006669BB /* Info.plist */ = {isa = PBXFileReference; lastKnownFileType = text.plist.xml; path = Info.plist; sourceTree = "<group>"; };
		CFC703FF1C97B1D6006669BB /* Demo2_JS_KVO&KVCUITests.xctest */ = {isa = PBXFileReference; explicitFileType = wrapper.cfbundle; includeInIndex = 0; path = "Demo2_JS_KVO&KVCUITests.xctest"; sourceTree = BUILT_PRODUCTS_DIR; };
		CFC704031C97B1D6006669BB /* Demo2_JS_KVO_KVCUITests.m */ = {isa = PBXFileReference; lastKnownFileType = sourcecode.c.objc; path = Demo2_JS_KVO_KVCUITests.m; sourceTree = "<group>"; };
		CFC704051C97B1D6006669BB /* Info.plist */ = {isa = PBXFileReference; lastKnownFileType = text.plist.xml; path = Info.plist; sourceTree = "<group>"; };
		CFC704111C97B1F0006669BB /* JSPerson.h */ = {isa = PBXFileReference; fileEncoding = 4; lastKnownFileType = sourcecode.c.h; path = JSPerson.h; sourceTree = "<group>"; };
		CFC704121C97B1F0006669BB /* JSPerson.m */ = {isa = PBXFileReference; fileEncoding = 4; lastKnownFileType = sourcecode.c.objc; path = JSPerson.m; sourceTree = "<group>"; };
/* End PBXFileReference section */

/* Begin PBXFrameworksBuildPhase section */
		CFC703D81C97B1D6006669BB /* Frameworks */ = {
			isa = PBXFrameworksBuildPhase;
			buildActionMask = 2147483647;
			files = (
			);
			runOnlyForDeploymentPostprocessing = 0;
		};
		CFC703F11C97B1D6006669BB /* Frameworks */ = {
			isa = PBXFrameworksBuildPhase;
			buildActionMask = 2147483647;
			files = (
			);
			runOnlyForDeploymentPostprocessing = 0;
		};
		CFC703FC1C97B1D6006669BB /* Frameworks */ = {
			isa = PBXFrameworksBuildPhase;
			buildActionMask = 2147483647;
			files = (
			);
			runOnlyForDeploymentPostprocessing = 0;
		};
/* End PBXFrameworksBuildPhase section */

/* Begin PBXGroup section */
		CFC703D21C97B1D6006669BB = {
			isa = PBXGroup;
			children = (
				CFC703DD1C97B1D6006669BB /* Demo2_JS_KVO&KVC */,
				CFC703F71C97B1D6006669BB /* Demo2_JS_KVO&KVCTests */,
				CFC704021C97B1D6006669BB /* Demo2_JS_KVO&KVCUITests */,
				CFC703DC1C97B1D6006669BB /* Products */,
			);
			sourceTree = "<group>";
		};
		CFC703DC1C97B1D6006669BB /* Products */ = {
			isa = PBXGroup;
			children = (
				CFC703DB1C97B1D6006669BB /* Demo2_JS_KVO&KVC.app */,
				CFC703F41C97B1D6006669BB /* Demo2_JS_KVO&KVCTests.xctest */,
				CFC703FF1C97B1D6006669BB /* Demo2_JS_KVO&KVCUITests.xctest */,
			);
			name = Products;
			sourceTree = "<group>";
		};
		CFC703DD1C97B1D6006669BB /* Demo2_JS_KVO&KVC */ = {
			isa = PBXGroup;
			children = (
				CFC703E11C97B1D6006669BB /* AppDelegate.h */,
				CFC703E21C97B1D6006669BB /* AppDelegate.m */,
				CFC703E41C97B1D6006669BB /* ViewController.h */,
				CFC703E51C97B1D6006669BB /* ViewController.m */,
				CFC703E71C97B1D6006669BB /* Main.storyboard */,
				CFC703EA1C97B1D6006669BB /* Assets.xcassets */,
				CFC703EC1C97B1D6006669BB /* LaunchScreen.storyboard */,
				CFC703EF1C97B1D6006669BB /* Info.plist */,
				CFC703DE1C97B1D6006669BB /* Supporting Files */,
				CFC704111C97B1F0006669BB /* JSPerson.h */,
				CFC704121C97B1F0006669BB /* JSPerson.m */,
			);
			path = "Demo2_JS_KVO&KVC";
			sourceTree = "<group>";
		};
		CFC703DE1C97B1D6006669BB /* Supporting Files */ = {
			isa = PBXGroup;
			children = (
				CFC703DF1C97B1D6006669BB /* main.m */,
			);
			name = "Supporting Files";
			sourceTree = "<group>";
		};
		CFC703F71C97B1D6006669BB /* Demo2_JS_KVO&KVCTests */ = {
			isa = PBXGroup;
			children = (
				CFC703F81C97B1D6006669BB /* Demo2_JS_KVO_KVCTests.m */,
				CFC703FA1C97B1D6006669BB /* Info.plist */,
			);
			path = "Demo2_JS_KVO&KVCTests";
			sourceTree = "<group>";
		};
		CFC704021C97B1D6006669BB /* Demo2_JS_KVO&KVCUITests */ = {
			isa = PBXGroup;
			children = (
				CFC704031C97B1D6006669BB /* Demo2_JS_KVO_KVCUITests.m */,
				CFC704051C97B1D6006669BB /* Info.plist */,
			);
			path = "Demo2_JS_KVO&KVCUITests";
			sourceTree = "<group>";
		};
/* End PBXGroup section */

/* Begin PBXNativeTarget section */
		CFC703DA1C97B1D6006669BB /* Demo2_JS_KVO&KVC */ = {
			isa = PBXNativeTarget;
			buildConfigurationList = CFC704081C97B1D6006669BB /* Build configuration list for PBXNativeTarget "Demo2_JS_KVO&KVC" */;
			buildPhases = (
				CFC703D71C97B1D6006669BB /* Sources */,
				CFC703D81C97B1D6006669BB /* Frameworks */,
				CFC703D91C97B1D6006669BB /* Resources */,
			);
			buildRules = (
			);
			dependencies = (
			);
			name = "Demo2_JS_KVO&KVC";
			productName = "Demo2_JS_KVO&KVC";
			productReference = CFC703DB1C97B1D6006669BB /* Demo2_JS_KVO&KVC.app */;
			productType = "com.apple.product-type.application";
		};
		CFC703F31C97B1D6006669BB /* Demo2_JS_KVO&KVCTests */ = {
			isa = PBXNativeTarget;
			buildConfigurationList = CFC7040B1C97B1D6006669BB /* Build configuration list for PBXNativeTarget "Demo2_JS_KVO&KVCTests" */;
			buildPhases = (
				CFC703F01C97B1D6006669BB /* Sources */,
				CFC703F11C97B1D6006669BB /* Frameworks */,
				CFC703F21C97B1D6006669BB /* Resources */,
			);
			buildRules = (
			);
			dependencies = (
				CFC703F61C97B1D6006669BB /* PBXTargetDependency */,
			);
			name = "Demo2_JS_KVO&KVCTests";
			productName = "Demo2_JS_KVO&KVCTests";
			productReference = CFC703F41C97B1D6006669BB /* Demo2_JS_KVO&KVCTests.xctest */;
			productType = "com.apple.product-type.bundle.unit-test";
		};
		CFC703FE1C97B1D6006669BB /* Demo2_JS_KVO&KVCUITests */ = {
			isa = PBXNativeTarget;
			buildConfigurationList = CFC7040E1C97B1D6006669BB /* Build configuration list for PBXNativeTarget "Demo2_JS_KVO&KVCUITests" */;
			buildPhases = (
				CFC703FB1C97B1D6006669BB /* Sources */,
				CFC703FC1C97B1D6006669BB /* Frameworks */,
				CFC703FD1C97B1D6006669BB /* Resources */,
			);
			buildRules = (
			);
			dependencies = (
				CFC704011C97B1D6006669BB /* PBXTargetDependency */,
			);
			name = "Demo2_JS_KVO&KVCUITests";
			productName = "Demo2_JS_KVO&KVCUITests";
			productReference = CFC703FF1C97B1D6006669BB /* Demo2_JS_KVO&KVCUITests.xctest */;
			productType = "com.apple.product-type.bundle.ui-testing";
		};
/* End PBXNativeTarget section */

/* Begin PBXProject section */
		CFC703D31C97B1D6006669BB /* Project object */ = {
			isa = PBXProject;
			attributes = {
				LastUpgradeCheck = 0720;
				ORGANIZATIONNAME = jiangsu;
				TargetAttributes = {
					CFC703DA1C97B1D6006669BB = {
						CreatedOnToolsVersion = 7.2.1;
						DevelopmentTeam = 4SU7V64Q9J;
					};
					CFC703F31C97B1D6006669BB = {
						CreatedOnToolsVersion = 7.2.1;
						DevelopmentTeam = 4SU7V64Q9J;
						TestTargetID = CFC703DA1C97B1D6006669BB;
					};
					CFC703FE1C97B1D6006669BB = {
						CreatedOnToolsVersion = 7.2.1;
						DevelopmentTeam = 4SU7V64Q9J;
						TestTargetID = CFC703DA1C97B1D6006669BB;
					};
				};
			};
			buildConfigurationList = CFC703D61C97B1D6006669BB /* Build configuration list for PBXProject "Demo2_JS_KVO&KVC" */;
			compatibilityVersion = "Xcode 3.2";
			developmentRegion = English;
			hasScannedForEncodings = 0;
			knownRegions = (
				en,
				Base,
			);
			mainGroup = CFC703D21C97B1D6006669BB;
			productRefGroup = CFC703DC1C97B1D6006669BB /* Products */;
			projectDirPath = "";
			projectRoot = "";
			targets = (
				CFC703DA1C97B1D6006669BB /* Demo2_JS_KVO&KVC */,
				CFC703F31C97B1D6006669BB /* Demo2_JS_KVO&KVCTests */,
				CFC703FE1C97B1D6006669BB /* Demo2_JS_KVO&KVCUITests */,
			);
		};
/* End PBXProject section */

/* Begin PBXResourcesBuildPhase section */
		CFC703D91C97B1D6006669BB /* Resources */ = {
			isa = PBXResourcesBuildPhase;
			buildActionMask = 2147483647;
			files = (
				CFC703EE1C97B1D6006669BB /* LaunchScreen.storyboard in Resources */,
				CFC703EB1C97B1D6006669BB /* Assets.xcassets in Resources */,
				CFC703E91C97B1D6006669BB /* Main.storyboard in Resources */,
			);
			runOnlyForDeploymentPostprocessing = 0;
		};
		CFC703F21C97B1D6006669BB /* Resources */ = {
			isa = PBXResourcesBuildPhase;
			buildActionMask = 2147483647;
			files = (
			);
			runOnlyForDeploymentPostprocessing = 0;
		};
		CFC703FD1C97B1D6006669BB /* Resources */ = {
			isa = PBXResourcesBuildPhase;
			buildActionMask = 2147483647;
			files = (
			);
			runOnlyForDeploymentPostprocessing = 0;
		};
/* End PBXResourcesBuildPhase section */

/* Begin PBXSourcesBuildPhase section */
		CFC703D71C97B1D6006669BB /* Sources */ = {
			isa = PBXSourcesBuildPhase;
			buildActionMask = 2147483647;
			files = (
				CFC703E61C97B1D6006669BB /* ViewController.m in Sources */,
				CFC704131C97B1F0006669BB /* JSPerson.m in Sources */,
				CFC703E31C97B1D6006669BB /* AppDelegate.m in Sources */,
				CFC703E01C97B1D6006669BB /* main.m in Sources */,
			);
			runOnlyForDeploymentPostprocessing = 0;
		};
		CFC703F01C97B1D6006669BB /* Sources */ = {
			isa = PBXSourcesBuildPhase;
			buildActionMask = 2147483647;
			files = (
				CFC703F91C97B1D6006669BB /* Demo2_JS_KVO_KVCTests.m in Sources */,
			);
			runOnlyForDeploymentPostprocessing = 0;
		};
		CFC703FB1C97B1D6006669BB /* Sources */ = {
			isa = PBXSourcesBuildPhase;
			buildActionMask = 2147483647;
			files = (
				CFC704041C97B1D6006669BB /* Demo2_JS_KVO_KVCUITests.m in Sources */,
			);
			runOnlyForDeploymentPostprocessing = 0;
		};
/* End PBXSourcesBuildPhase section */

/* Begin PBXTargetDependency section */
		CFC703F61C97B1D6006669BB /* PBXTargetDependency */ = {
			isa = PBXTargetDependency;
			target = CFC703DA1C97B1D6006669BB /* Demo2_JS_KVO&KVC */;
			targetProxy = CFC703F51C97B1D6006669BB /* PBXContainerItemProxy */;
		};
		CFC704011C97B1D6006669BB /* PBXTargetDependency */ = {
			isa = PBXTargetDependency;
			target = CFC703DA1C97B1D6006669BB /* Demo2_JS_KVO&KVC */;
			targetProxy = CFC704001C97B1D6006669BB /* PBXContainerItemProxy */;
		};
/* End PBXTargetDependency section */

/* Begin PBXVariantGroup section */
		CFC703E71C97B1D6006669BB /* Main.storyboard */ = {
			isa = PBXVariantGroup;
			children = (
				CFC703E81C97B1D6006669BB /* Base */,
			);
			name = Main.storyboard;
			sourceTree = "<group>";
		};
		CFC703EC1C97B1D6006669BB /* LaunchScreen.storyboard */ = {
			isa = PBXVariantGroup;
			children = (
				CFC703ED1C97B1D6006669BB /* Base */,
			);
			name = LaunchScreen.storyboard;
			sourceTree = "<group>";
		};
/* End PBXVariantGroup section */

/* Begin XCBuildConfiguration section */
		CFC704061C97B1D6006669BB /* Debug */ = {
			isa = XCBuildConfiguration;
			buildSettings = {
				ALWAYS_SEARCH_USER_PATHS = NO;
				CLANG_CXX_LANGUAGE_STANDARD = "gnu++0x";
				CLANG_CXX_LIBRARY = "libc++";
				CLANG_ENABLE_MODULES = YES;
				CLANG_ENABLE_OBJC_ARC = YES;
				CLANG_WARN_BOOL_CONVERSION = YES;
				CLANG_WARN_CONSTANT_CONVERSION = YES;
				CLANG_WARN_DIRECT_OBJC_ISA_USAGE = YES_ERROR;
				CLANG_WARN_EMPTY_BODY = YES;
				CLANG_WARN_ENUM_CONVERSION = YES;
				CLANG_WARN_INT_CONVERSION = YES;
				CLANG_WARN_OBJC_ROOT_CLASS = YES_ERROR;
				CLANG_WARN_UNREACHABLE_CODE = YES;
				CLANG_WARN__DUPLICATE_METHOD_MATCH = YES;
				"CODE_SIGN_IDENTITY[sdk=iphoneos*]" = "iPhone Developer";
				COPY_PHASE_STRIP = NO;
				DEBUG_INFORMATION_FORMAT = dwarf;
				ENABLE_STRICT_OBJC_MSGSEND = YES;
				ENABLE_TESTABILITY = YES;
				GCC_C_LANGUAGE_STANDARD = gnu99;
				GCC_DYNAMIC_NO_PIC = NO;
				GCC_NO_COMMON_BLOCKS = YES;
				GCC_OPTIMIZATION_LEVEL = 0;
				GCC_PREPROCESSOR_DEFINITIONS = (
					"DEBUG=1",
					"$(inherited)",
				);
				GCC_WARN_64_TO_32_BIT_CONVERSION = YES;
				GCC_WARN_ABOUT_RETURN_TYPE = YES_ERROR;
				GCC_WARN_UNDECLARED_SELECTOR = YES;
				GCC_WARN_UNINITIALIZED_AUTOS = YES_AGGRESSIVE;
				GCC_WARN_UNUSED_FUNCTION = YES;
				GCC_WARN_UNUSED_VARIABLE = YES;
				IPHONEOS_DEPLOYMENT_TARGET = 9.2;
				MTL_ENABLE_DEBUG_INFO = YES;
				ONLY_ACTIVE_ARCH = YES;
				SDKROOT = iphoneos;
			};
			name = Debug;
		};
		CFC704071C97B1D6006669BB /* Release */ = {
			isa = XCBuildConfiguration;
			buildSettings = {
				ALWAYS_SEARCH_USER_PATHS = NO;
				CLANG_CXX_LANGUAGE_STANDARD = "gnu++0x";
				CLANG_CXX_LIBRARY = "libc++";
				CLANG_ENABLE_MODULES = YES;
				CLANG_ENABLE_OBJC_ARC = YES;
				CLANG_WARN_BOOL_CONVERSION = YES;
				CLANG_WARN_CONSTANT_CONVERSION = YES;
				CLANG_WARN_DIRECT_OBJC_ISA_USAGE = YES_ERROR;
				CLANG_WARN_EMPTY_BODY = YES;
				CLANG_WARN_ENUM_CONVERSION = YES;
				CLANG_WARN_INT_CONVERSION = YES;
				CLANG_WARN_OBJC_ROOT_CLASS = YES_ERROR;
				CLANG_WARN_UNREACHABLE_CODE = YES;
				CLANG_WARN__DUPLICATE_METHOD_MATCH = YES;
				"CODE_SIGN_IDENTITY[sdk=iphoneos*]" = "iPhone Developer";
				COPY_PHASE_STRIP = NO;
				DEBUG_INFORMATION_FORMAT = "dwarf-with-dsym";
				ENABLE_NS_ASSERTIONS = NO;
				ENABLE_STRICT_OBJC_MSGSEND = YES;
				GCC_C_LANGUAGE_STANDARD = gnu99;
				GCC_NO_COMMON_BLOCKS = YES;
				GCC_WARN_64_TO_32_BIT_CONVERSION = YES;
				GCC_WARN_ABOUT_RETURN_TYPE = YES_ERROR;
				GCC_WARN_UNDECLARED_SELECTOR = YES;
				GCC_WARN_UNINITIALIZED_AUTOS = YES_AGGRESSIVE;
				GCC_WARN_UNUSED_FUNCTION = YES;
				GCC_WARN_UNUSED_VARIABLE = YES;
				IPHONEOS_DEPLOYMENT_TARGET = 9.2;
				MTL_ENABLE_DEBUG_INFO = NO;
				SDKROOT = iphoneos;
				VALIDATE_PRODUCT = YES;
			};
			name = Release;
		};
		CFC704091C97B1D6006669BB /* Debug */ = {
			isa = XCBuildConfiguration;
			buildSettings = {
				ASSETCATALOG_COMPILER_APPICON_NAME = AppIcon;
				INFOPLIST_FILE = "Demo2_JS_KVO&KVC/Info.plist";
				LD_RUNPATH_SEARCH_PATHS = "$(inherited) @executable_path/Frameworks";
				PRODUCT_BUNDLE_IDENTIFIER = "com.jiangsu.Demo2-JS-KVO-KVC";
				PRODUCT_NAME = "$(TARGET_NAME)";
			};
			name = Debug;
		};
		CFC7040A1C97B1D6006669BB /* Release */ = {
			isa = XCBuildConfiguration;
			buildSettings = {
				ASSETCATALOG_COMPILER_APPICON_NAME = AppIcon;
				INFOPLIST_FILE = "Demo2_JS_KVO&KVC/Info.plist";
				LD_RUNPATH_SEARCH_PATHS = "$(inherited) @executable_path/Frameworks";
				PRODUCT_BUNDLE_IDENTIFIER = "com.jiangsu.Demo2-JS-KVO-KVC";
				PRODUCT_NAME = "$(TARGET_NAME)";
			};
			name = Release;
		};
		CFC7040C1C97B1D6006669BB /* Debug */ = {
			isa = XCBuildConfiguration;
			buildSettings = {
				BUNDLE_LOADER = "$(TEST_HOST)";
				INFOPLIST_FILE = "Demo2_JS_KVO&KVCTests/Info.plist";
				LD_RUNPATH_SEARCH_PATHS = "$(inherited) @executable_path/Frameworks @loader_path/Frameworks";
				PRODUCT_BUNDLE_IDENTIFIER = "com.jiangsu.Demo2-JS-KVO-KVCTests";
				PRODUCT_NAME = "$(TARGET_NAME)";
				TEST_HOST = "$(BUILT_PRODUCTS_DIR)/Demo2_JS_KVO&KVC.app/Demo2_JS_KVO&KVC";
			};
			name = Debug;
		};
		CFC7040D1C97B1D6006669BB /* Release */ = {
			isa = XCBuildConfiguration;
			buildSettings = {
				BUNDLE_LOADER = "$(TEST_HOST)";
				INFOPLIST_FILE = "Demo2_JS_KVO&KVCTests/Info.plist";
				LD_RUNPATH_SEARCH_PATHS = "$(inherited) @executable_path/Frameworks @loader_path/Frameworks";
				PRODUCT_BUNDLE_IDENTIFIER = "com.jiangsu.Demo2-JS-KVO-KVCTests";
				PRODUCT_NAME = "$(TARGET_NAME)";
				TEST_HOST = "$(BUILT_PRODUCTS_DIR)/Demo2_JS_KVO&KVC.app/Demo2_JS_KVO&KVC";
			};
			name = Release;
		};
		CFC7040F1C97B1D6006669BB /* Debug */ = {
			isa = XCBuildConfiguration;
			buildSettings = {
				INFOPLIST_FILE = "Demo2_JS_KVO&KVCUITests/Info.plist";
				LD_RUNPATH_SEARCH_PATHS = "$(inherited) @executable_path/Frameworks @loader_path/Frameworks";
				PRODUCT_BUNDLE_IDENTIFIER = "com.jiangsu.Demo2-JS-KVO-KVCUITests";
				PRODUCT_NAME = "$(TARGET_NAME)";
				TEST_TARGET_NAME = "Demo2_JS_KVO&KVC";
				USES_XCTRUNNER = YES;
			};
			name = Debug;
		};
		CFC704101C97B1D6006669BB /* Release */ = {
			isa = XCBuildConfiguration;
			buildSettings = {
				INFOPLIST_FILE = "Demo2_JS_KVO&KVCUITests/Info.plist";
				LD_RUNPATH_SEARCH_PATHS = "$(inherited) @executable_path/Frameworks @loader_path/Frameworks";
				PRODUCT_BUNDLE_IDENTIFIER = "com.jiangsu.Demo2-JS-KVO-KVCUITests";
				PRODUCT_NAME = "$(TARGET_NAME)";
				TEST_TARGET_NAME = "Demo2_JS_KVO&KVC";
				USES_XCTRUNNER = YES;
			};
			name = Release;
		};
/* End XCBuildConfiguration section */

/* Begin XCConfigurationList section */
		CFC703D61C97B1D6006669BB /* Build configuration list for PBXProject "Demo2_JS_KVO&KVC" */ = {
			isa = XCConfigurationList;
			buildConfigurations = (
				CFC704061C97B1D6006669BB /* Debug */,
				CFC704071C97B1D6006669BB /* Release */,
			);
			defaultConfigurationIsVisible = 0;
			defaultConfigurationName = Release;
		};
		CFC704081C97B1D6006669BB /* Build configuration list for PBXNativeTarget "Demo2_JS_KVO&KVC" */ = {
			isa = XCConfigurationList;
			buildConfigurations = (
				CFC704091C97B1D6006669BB /* Debug */,
				CFC7040A1C97B1D6006669BB /* Release */,
			);
			defaultConfigurationIsVisible = 0;
		};
		CFC7040B1C97B1D6006669BB /* Build configuration list for PBXNativeTarget "Demo2_JS_KVO&KVCTests" */ = {
			isa = XCConfigurationList;
			buildConfigurations = (
				CFC7040C1C97B1D6006669BB /* Debug */,
				CFC7040D1C97B1D6006669BB /* Release */,
			);
			defaultConfigurationIsVisible = 0;
		};
		CFC7040E1C97B1D6006669BB /* Build configuration list for PBXNativeTarget "Demo2_JS_KVO&KVCUITests" */ = {
			isa = XCConfigurationList;
			buildConfigurations = (
				CFC7040F1C97B1D6006669BB /* Debug */,
				CFC704101C97B1D6006669BB /* Release */,
			);
			defaultConfigurationIsVisible = 0;
		};
/* End XCConfigurationList section */
	};
	rootObject = CFC703D31C97B1D6006669BB /* Project object */;
}
